
Microsoft Visual Studio Solution File, Format Version 11.00
# Visual Studio 2010
Project("{8BC9CEB8-8B4A-11D0-8D11-00A0C91BC942}") = "PBMD5", "PBMD5\PBMD5.vcxproj", "{9B4D1695-72B7-441A-91E9-FE5DB867AAF7}"
EndProject
Project("{FAE04EC0-301F-11D3-BF4B-00C04F79EFBC}") = "PBUCONClient", "PBUCONClient\PBUCONClient.csproj", "{EED2928A-7FD7-4D7B-A47B-3ECCCEFF149E}"
	ProjectSection(ProjectDependencies) = postProject
		{9B4D1695-72B7-441A-91E9-FE5DB867AAF7} = {9B4D1695-72B7-441A-91E9-FE5DB867AAF7}
	EndProjectSection
EndProject
Project("{FAE04EC0-301F-11D3-BF4B-00C04F79EFBC}") = "WinFormPBUCON", "WinFormPBUCON\WinFormPBUCON.csproj", "{FC8907AB-4340-4A5B-8A3B-EBF65E149261}"
	ProjectSection(ProjectDependencies) = postProject
		{9B4D1695-72B7-441A-91E9-FE5DB867AAF7} = {9B4D1695-72B7-441A-91E9-FE5DB867AAF7}
	EndProjectSection
EndProject
Global
	GlobalSection(SolutionConfigurationPlatforms) = preSolution
		Debug|Mixed Platforms = Debug|Mixed Platforms
		Debug|Win32 = Debug|Win32
		Debug|x86 = Debug|x86
		Release|Mixed Platforms = Release|Mixed Platforms
		Release|Win32 = Release|Win32
		Release|x86 = Release|x86
	EndGlobalSection
	GlobalSection(ProjectConfigurationPlatforms) = postSolution
		{9B4D1695-72B7-441A-91E9-FE5DB867AAF7}.Debug|Mixed Platforms.ActiveCfg = Debug|Win32
		{9B4D1695-72B7-441A-91E9-FE5DB867AAF7}.Debug|Mixed Platforms.Build.0 = Debug|Win32
		{9B4D1695-72B7-441A-91E9-FE5DB867AAF7}.Debug|Win32.ActiveCfg = Debug|Win32
		{9B4D1695-72B7-441A-91E9-FE5DB867AAF7}.Debug|Win32.Build.0 = Debug|Win32
		{9B4D1695-72B7-441A-91E9-FE5DB867AAF7}.Debug|x86.ActiveCfg = Debug|Win32
		{9B4D1695-72B7-441A-91E9-FE5DB867AAF7}.Release|Mixed Platforms.ActiveCfg = Release|Win32
		{9B4D1695-72B7-441A-91E9-FE5DB867AAF7}.Release|Mixed Platforms.Build.0 = Release|Win32
		{9B4D1695-72B7-441A-91E9-FE5DB867AAF7}.Release|Win32.ActiveCfg = Release|Win32
		{9B4D1695-72B7-441A-91E9-FE5DB867AAF7}.Release|Win32.Build.0 = Release|Win32
		{9B4D1695-72B7-441A-91E9-FE5DB867AAF7}.Release|x86.ActiveCfg = Release|Win32
		{EED2928A-7FD7-4D7B-A47B-3ECCCEFF149E}.Debug|Mixed Platforms.ActiveCfg = Debug|x86
		{EED2928A-7FD7-4D7B-A47B-3ECCCEFF149E}.Debug|Mixed Platforms.Build.0 = Debug|x86
		{EED2928A-7FD7-4D7B-A47B-3ECCCEFF149E}.Debug|Win32.ActiveCfg = Debug|x86
		{EED2928A-7FD7-4D7B-A47B-3ECCCEFF149E}.Debug|x86.ActiveCfg = Debug|x86
		{EED2928A-7FD7-4D7B-A47B-3ECCCEFF149E}.Debug|x86.Build.0 = Debug|x86
		{EED2928A-7FD7-4D7B-A47B-3ECCCEFF149E}.Release|Mixed Platforms.ActiveCfg = Release|x86
		{EED2928A-7FD7-4D7B-A47B-3ECCCEFF149E}.Release|Mixed Platforms.Build.0 = Release|x86
		{EED2928A-7FD7-4D7B-A47B-3ECCCEFF149E}.Release|Win32.ActiveCfg = Release|x86
		{EED2928A-7FD7-4D7B-A47B-3ECCCEFF149E}.Release|x86.ActiveCfg = Release|x86
		{EED2928A-7FD7-4D7B-A47B-3ECCCEFF149E}.Release|x86.Build.0 = Release|x86
		{FC8907AB-4340-4A5B-8A3B-EBF65E149261}.Debug|Mixed Platforms.ActiveCfg = Debug|x86
		{FC8907AB-4340-4A5B-8A3B-EBF65E149261}.Debug|Mixed Platforms.Build.0 = Debug|x86
		{FC8907AB-4340-4A5B-8A3B-EBF65E149261}.Debug|Win32.ActiveCfg = Debug|x86
		{FC8907AB-4340-4A5B-8A3B-EBF65E149261}.Debug|x86.ActiveCfg = Debug|x86
		{FC8907AB-4340-4A5B-8A3B-EBF65E149261}.Debug|x86.Build.0 = Debug|x86
		{FC8907AB-4340-4A5B-8A3B-EBF65E149261}.Release|Mixed Platforms.ActiveCfg = Release|x86
		{FC8907AB-4340-4A5B-8A3B-EBF65E149261}.Release|Mixed Platforms.Build.0 = Release|x86
		{FC8907AB-4340-4A5B-8A3B-EBF65E149261}.Release|Win32.ActiveCfg = Release|x86
		{FC8907AB-4340-4A5B-8A3B-EBF65E149261}.Release|x86.ActiveCfg = Release|x86
		{FC8907AB-4340-4A5B-8A3B-EBF65E149261}.Release|x86.Build.0 = Release|x86
	EndGlobalSection
	GlobalSection(SolutionProperties) = preSolution
		HideSolutionNode = FALSE
	EndGlobalSection
EndGlobal
