
Microsoft Visual Studio Solution File, Format Version 11.00
# Visual Studio 2010
Project("{8BC9CEB8-8B4A-11D0-8D11-00A0C91BC942}") = "PBMD5", "PBMD5\PBMD5.vcxproj", "{9B4D1695-72B7-441A-91E9-FE5DB867AAF7}"
EndProject
Global
	GlobalSection(SolutionConfigurationPlatforms) = preSolution
		Debug|Win32 = Debug|Win32
		Release|Win32 = Release|Win32
	EndGlobalSection
	GlobalSection(ProjectConfigurationPlatforms) = postSolution
		{9B4D1695-72B7-441A-91E9-FE5DB867AAF7}.Debug|Win32.ActiveCfg = Debug|Win32
		{9B4D1695-72B7-441A-91E9-FE5DB867AAF7}.Debug|Win32.Build.0 = Debug|Win32
		{9B4D1695-72B7-441A-91E9-FE5DB867AAF7}.Release|Win32.ActiveCfg = Release|Win32
		{9B4D1695-72B7-441A-91E9-FE5DB867AAF7}.Release|Win32.Build.0 = Release|Win32
	EndGlobalSection
	GlobalSection(SolutionProperties) = preSolution
		HideSolutionNode = FALSE
	EndGlobalSection
EndGlobal
